// !$*UTF8*$!
{
	archiveVersion = 1;
	classes = {
	};
	objectVersion = 56;
	objects = {

/* Begin PBXBuildFile section */
		9EB3CE372C87D31D009BD31A /* ISSModel.swift in Sources */ = {isa = PBXBuildFile; fileRef = 9EB3CE362C87D31D009BD31A /* ISSModel.swift */; };
		9EB3CE3A2C87D518009BD31A /* ISSEnums.swift in Sources */ = {isa = PBXBuildFile; fileRef = 9EB3CE392C87D518009BD31A /* ISSEnums.swift */; };
		9EB3CE3D2C87E53B009BD31A /* ISSViewController.swift in Sources */ = {isa = PBXBuildFile; fileRef = 9EB3CE3C2C87E53B009BD31A /* ISSViewController.swift */; };
		9EB3CE402C88B319009BD31A /* UserLocationManager.swift in Sources */ = {isa = PBXBuildFile; fileRef = 9EB3CE3E2C88B319009BD31A /* UserLocationManager.swift */; };
		9EB3CE412C88B319009BD31A /* Reachability.swift in Sources */ = {isa = PBXBuildFile; fileRef = 9EB3CE3F2C88B319009BD31A /* Reachability.swift */; };
		9EB3CE432C89001A009BD31A /* Math.swift in Sources */ = {isa = PBXBuildFile; fileRef = 9EB3CE422C89001A009BD31A /* Math.swift */; };
		9EB3CE462C8A053F009BD31A /* ISSTextDetailsView.swift in Sources */ = {isa = PBXBuildFile; fileRef = 9EB3CE452C8A053F009BD31A /* ISSTextDetailsView.swift */; };
		9EB3CE492C8A17C5009BD31A /* LabelFormatter.swift in Sources */ = {isa = PBXBuildFile; fileRef = 9EB3CE482C8A17C5009BD31A /* LabelFormatter.swift */; };
		9EB3CE4B2C8A26A6009BD31A /* ISSLogsViewController.swift in Sources */ = {isa = PBXBuildFile; fileRef = 9EB3CE4A2C8A26A6009BD31A /* ISSLogsViewController.swift */; };
		9EB3CE4D2C8A2E4B009BD31A /* ISSCellView.swift in Sources */ = {isa = PBXBuildFile; fileRef = 9EB3CE4C2C8A2E4B009BD31A /* ISSCellView.swift */; };
		9EFB741E2C87C81100EE213A /* AppDelegate.swift in Sources */ = {isa = PBXBuildFile; fileRef = 9EFB741D2C87C81100EE213A /* AppDelegate.swift */; };
		9EFB74272C87C81200EE213A /* Assets.xcassets in Resources */ = {isa = PBXBuildFile; fileRef = 9EFB74262C87C81200EE213A /* Assets.xcassets */; };
		9EFB742A2C87C81200EE213A /* Base in Resources */ = {isa = PBXBuildFile; fileRef = 9EFB74292C87C81200EE213A /* Base */; };
		9EFB74332C87D18500EE213A /* Coordinator.swift in Sources */ = {isa = PBXBuildFile; fileRef = 9EFB74322C87D18500EE213A /* Coordinator.swift */; };
		9EFB74372C87D23600EE213A /* ISSViewModel.swift in Sources */ = {isa = PBXBuildFile; fileRef = 9EFB74362C87D23600EE213A /* ISSViewModel.swift */; };
		9EFB743A2C87D24F00EE213A /* ISSDataManager.swift in Sources */ = {isa = PBXBuildFile; fileRef = 9EFB74392C87D24F00EE213A /* ISSDataManager.swift */; };
/* End PBXBuildFile section */

/* Begin PBXFileReference section */
		9EB3CE362C87D31D009BD31A /* ISSModel.swift */ = {isa = PBXFileReference; lastKnownFileType = sourcecode.swift; path = ISSModel.swift; sourceTree = "<group>"; };
		9EB3CE392C87D518009BD31A /* ISSEnums.swift */ = {isa = PBXFileReference; lastKnownFileType = sourcecode.swift; path = ISSEnums.swift; sourceTree = "<group>"; };
		9EB3CE3C2C87E53B009BD31A /* ISSViewController.swift */ = {isa = PBXFileReference; lastKnownFileType = sourcecode.swift; path = ISSViewController.swift; sourceTree = "<group>"; };
		9EB3CE3E2C88B319009BD31A /* UserLocationManager.swift */ = {isa = PBXFileReference; fileEncoding = 4; lastKnownFileType = sourcecode.swift; path = UserLocationManager.swift; sourceTree = "<group>"; };
		9EB3CE3F2C88B319009BD31A /* Reachability.swift */ = {isa = PBXFileReference; fileEncoding = 4; lastKnownFileType = sourcecode.swift; path = Reachability.swift; sourceTree = "<group>"; };
		9EB3CE422C89001A009BD31A /* Math.swift */ = {isa = PBXFileReference; lastKnownFileType = sourcecode.swift; path = Math.swift; sourceTree = "<group>"; };
		9EB3CE452C8A053F009BD31A /* ISSTextDetailsView.swift */ = {isa = PBXFileReference; lastKnownFileType = sourcecode.swift; path = ISSTextDetailsView.swift; sourceTree = "<group>"; };
		9EB3CE482C8A17C5009BD31A /* LabelFormatter.swift */ = {isa = PBXFileReference; lastKnownFileType = sourcecode.swift; path = LabelFormatter.swift; sourceTree = "<group>"; };
		9EB3CE4A2C8A26A6009BD31A /* ISSLogsViewController.swift */ = {isa = PBXFileReference; lastKnownFileType = sourcecode.swift; path = ISSLogsViewController.swift; sourceTree = "<group>"; };
		9EB3CE4C2C8A2E4B009BD31A /* ISSCellView.swift */ = {isa = PBXFileReference; lastKnownFileType = sourcecode.swift; path = ISSCellView.swift; sourceTree = "<group>"; };
		9EFB741A2C87C81100EE213A /* ISS.app */ = {isa = PBXFileReference; explicitFileType = wrapper.application; includeInIndex = 0; path = ISS.app; sourceTree = BUILT_PRODUCTS_DIR; };
		9EFB741D2C87C81100EE213A /* AppDelegate.swift */ = {isa = PBXFileReference; lastKnownFileType = sourcecode.swift; path = AppDelegate.swift; sourceTree = "<group>"; };
		9EFB74262C87C81200EE213A /* Assets.xcassets */ = {isa = PBXFileReference; lastKnownFileType = folder.assetcatalog; path = Assets.xcassets; sourceTree = "<group>"; };
		9EFB74292C87C81200EE213A /* Base */ = {isa = PBXFileReference; lastKnownFileType = file.storyboard; name = Base; path = Base.lproj/LaunchScreen.storyboard; sourceTree = "<group>"; };
		9EFB742B2C87C81200EE213A /* Info.plist */ = {isa = PBXFileReference; lastKnownFileType = text.plist.xml; path = Info.plist; sourceTree = "<group>"; };
		9EFB74322C87D18500EE213A /* Coordinator.swift */ = {isa = PBXFileReference; lastKnownFileType = sourcecode.swift; path = Coordinator.swift; sourceTree = "<group>"; };
		9EFB74362C87D23600EE213A /* ISSViewModel.swift */ = {isa = PBXFileReference; lastKnownFileType = sourcecode.swift; path = ISSViewModel.swift; sourceTree = "<group>"; };
		9EFB74392C87D24F00EE213A /* ISSDataManager.swift */ = {isa = PBXFileReference; lastKnownFileType = sourcecode.swift; path = ISSDataManager.swift; sourceTree = "<group>"; };
/* End PBXFileReference section */

/* Begin PBXFrameworksBuildPhase section */
		9EFB74172C87C81100EE213A /* Frameworks */ = {
			isa = PBXFrameworksBuildPhase;
			buildActionMask = 2147483647;
			files = (
			);
			runOnlyForDeploymentPostprocessing = 0;
		};
/* End PBXFrameworksBuildPhase section */

/* Begin PBXGroup section */
		9EB3CE352C87D311009BD31A /* Model */ = {
			isa = PBXGroup;
			children = (
				9EB3CE362C87D31D009BD31A /* ISSModel.swift */,
			);
			path = Model;
			sourceTree = "<group>";
		};
		9EB3CE382C87D506009BD31A /* Tools */ = {
			isa = PBXGroup;
			children = (
				9EB3CE3E2C88B319009BD31A /* UserLocationManager.swift */,
				9EB3CE3F2C88B319009BD31A /* Reachability.swift */,
				9EB3CE392C87D518009BD31A /* ISSEnums.swift */,
				9EB3CE422C89001A009BD31A /* Math.swift */,
				9EB3CE482C8A17C5009BD31A /* LabelFormatter.swift */,
			);
			path = Tools;
			sourceTree = "<group>";
		};
		9EB3CE3B2C87E52D009BD31A /* ViewController */ = {
			isa = PBXGroup;
			children = (
				9EB3CE3C2C87E53B009BD31A /* ISSViewController.swift */,
				9EB3CE4A2C8A26A6009BD31A /* ISSLogsViewController.swift */,
			);
			path = ViewController;
			sourceTree = "<group>";
		};
		9EB3CE442C8A0518009BD31A /* Views */ = {
			isa = PBXGroup;
			children = (
				9EB3CE452C8A053F009BD31A /* ISSTextDetailsView.swift */,
				9EB3CE4C2C8A2E4B009BD31A /* ISSCellView.swift */,
			);
			path = Views;
			sourceTree = "<group>";
		};
		9EFB74112C87C81100EE213A = {
			isa = PBXGroup;
			children = (
				9EFB741C2C87C81100EE213A /* ISS */,
				9EFB741B2C87C81100EE213A /* Products */,
			);
			sourceTree = "<group>";
		};
		9EFB741B2C87C81100EE213A /* Products */ = {
			isa = PBXGroup;
			children = (
				9EFB741A2C87C81100EE213A /* ISS.app */,
			);
			name = Products;
			sourceTree = "<group>";
		};
		9EFB741C2C87C81100EE213A /* ISS */ = {
			isa = PBXGroup;
			children = (
				9EFB74342C87D21000EE213A /* Files */,
				9EFB741D2C87C81100EE213A /* AppDelegate.swift */,
				9EB3CE382C87D506009BD31A /* Tools */,
				9EFB74312C87D16E00EE213A /* Coordinator */,
				9EB3CE352C87D311009BD31A /* Model */,
				9EFB74382C87D24100EE213A /* DataManager */,
				9EFB74352C87D22600EE213A /* ViewModel */,
				9EB3CE3B2C87E52D009BD31A /* ViewController */,
				9EB3CE442C8A0518009BD31A /* Views */,
			);
			path = ISS;
			sourceTree = "<group>";
		};
		9EFB74312C87D16E00EE213A /* Coordinator */ = {
			isa = PBXGroup;
			children = (
				9EFB74322C87D18500EE213A /* Coordinator.swift */,
			);
			path = Coordinator;
			sourceTree = "<group>";
		};
		9EFB74342C87D21000EE213A /* Files */ = {
			isa = PBXGroup;
			children = (
				9EFB74262C87C81200EE213A /* Assets.xcassets */,
				9EFB74282C87C81200EE213A /* LaunchScreen.storyboard */,
				9EFB742B2C87C81200EE213A /* Info.plist */,
			);
			name = Files;
			sourceTree = "<group>";
		};
		9EFB74352C87D22600EE213A /* ViewModel */ = {
			isa = PBXGroup;
			children = (
				9EFB74362C87D23600EE213A /* ISSViewModel.swift */,
			);
			path = ViewModel;
			sourceTree = "<group>";
		};
		9EFB74382C87D24100EE213A /* DataManager */ = {
			isa = PBXGroup;
			children = (
				9EFB74392C87D24F00EE213A /* ISSDataManager.swift */,
			);
			path = DataManager;
			sourceTree = "<group>";
		};
/* End PBXGroup section */

/* Begin PBXNativeTarget section */
		9EFB74192C87C81100EE213A /* ISS */ = {
			isa = PBXNativeTarget;
			buildConfigurationList = 9EFB742E2C87C81200EE213A /* Build configuration list for PBXNativeTarget "ISS" */;
			buildPhases = (
				9EFB74162C87C81100EE213A /* Sources */,
				9EFB74172C87C81100EE213A /* Frameworks */,
				9EFB74182C87C81100EE213A /* Resources */,
			);
			buildRules = (
			);
			dependencies = (
			);
			name = ISS;
			productName = ISS;
			productReference = 9EFB741A2C87C81100EE213A /* ISS.app */;
			productType = "com.apple.product-type.application";
		};
/* End PBXNativeTarget section */

/* Begin PBXProject section */
		9EFB74122C87C81100EE213A /* Project object */ = {
			isa = PBXProject;
			attributes = {
				BuildIndependentTargetsInParallel = 1;
				LastSwiftUpdateCheck = 1530;
				LastUpgradeCheck = 1530;
				TargetAttributes = {
					9EFB74192C87C81100EE213A = {
						CreatedOnToolsVersion = 15.3;
					};
				};
			};
			buildConfigurationList = 9EFB74152C87C81100EE213A /* Build configuration list for PBXProject "ISS" */;
			compatibilityVersion = "Xcode 14.0";
			developmentRegion = en;
			hasScannedForEncodings = 0;
			knownRegions = (
				en,
				Base,
			);
			mainGroup = 9EFB74112C87C81100EE213A;
			productRefGroup = 9EFB741B2C87C81100EE213A /* Products */;
			projectDirPath = "";
			projectRoot = "";
			targets = (
				9EFB74192C87C81100EE213A /* ISS */,
			);
		};
/* End PBXProject section */

/* Begin PBXResourcesBuildPhase section */
		9EFB74182C87C81100EE213A /* Resources */ = {
			isa = PBXResourcesBuildPhase;
			buildActionMask = 2147483647;
			files = (
				9EFB74272C87C81200EE213A /* Assets.xcassets in Resources */,
				9EFB742A2C87C81200EE213A /* Base in Resources */,
			);
			runOnlyForDeploymentPostprocessing = 0;
		};
/* End PBXResourcesBuildPhase section */

/* Begin PBXSourcesBuildPhase section */
		9EFB74162C87C81100EE213A /* Sources */ = {
			isa = PBXSourcesBuildPhase;
			buildActionMask = 2147483647;
			files = (
				9EFB74372C87D23600EE213A /* ISSViewModel.swift in Sources */,
				9EB3CE432C89001A009BD31A /* Math.swift in Sources */,
				9EB3CE462C8A053F009BD31A /* ISSTextDetailsView.swift in Sources */,
				9EB3CE3A2C87D518009BD31A /* ISSEnums.swift in Sources */,
				9EB3CE372C87D31D009BD31A /* ISSModel.swift in Sources */,
				9EFB74332C87D18500EE213A /* Coordinator.swift in Sources */,
				9EB3CE402C88B319009BD31A /* UserLocationManager.swift in Sources */,
				9EB3CE412C88B319009BD31A /* Reachability.swift in Sources */,
				9EFB741E2C87C81100EE213A /* AppDelegate.swift in Sources */,
				9EB3CE3D2C87E53B009BD31A /* ISSViewController.swift in Sources */,
				9EB3CE4D2C8A2E4B009BD31A /* ISSCellView.swift in Sources */,
				9EFB743A2C87D24F00EE213A /* ISSDataManager.swift in Sources */,
				9EB3CE492C8A17C5009BD31A /* LabelFormatter.swift in Sources */,
				9EB3CE4B2C8A26A6009BD31A /* ISSLogsViewController.swift in Sources */,
			);
			runOnlyForDeploymentPostprocessing = 0;
		};
/* End PBXSourcesBuildPhase section */

/* Begin PBXVariantGroup section */
		9EFB74282C87C81200EE213A /* LaunchScreen.storyboard */ = {
			isa = PBXVariantGroup;
			children = (
				9EFB74292C87C81200EE213A /* Base */,
			);
			name = LaunchScreen.storyboard;
			sourceTree = "<group>";
		};
/* End PBXVariantGroup section */

/* Begin XCBuildConfiguration section */
		9EFB742C2C87C81200EE213A /* Debug */ = {
			isa = XCBuildConfiguration;
			buildSettings = {
				ALWAYS_SEARCH_USER_PATHS = NO;
				ASSETCATALOG_COMPILER_GENERATE_SWIFT_ASSET_SYMBOL_EXTENSIONS = YES;
				CLANG_ANALYZER_NONNULL = YES;
				CLANG_ANALYZER_NUMBER_OBJECT_CONVERSION = YES_AGGRESSIVE;
				CLANG_CXX_LANGUAGE_STANDARD = "gnu++20";
				CLANG_ENABLE_MODULES = YES;
				CLANG_ENABLE_OBJC_ARC = YES;
				CLANG_ENABLE_OBJC_WEAK = YES;
				CLANG_WARN_BLOCK_CAPTURE_AUTORELEASING = YES;
				CLANG_WARN_BOOL_CONVERSION = YES;
				CLANG_WARN_COMMA = YES;
				CLANG_WARN_CONSTANT_CONVERSION = YES;
				CLANG_WARN_DEPRECATED_OBJC_IMPLEMENTATIONS = YES;
				CLANG_WARN_DIRECT_OBJC_ISA_USAGE = YES_ERROR;
				CLANG_WARN_DOCUMENTATION_COMMENTS = YES;
				CLANG_WARN_EMPTY_BODY = YES;
				CLANG_WARN_ENUM_CONVERSION = YES;
				CLANG_WARN_INFINITE_RECURSION = YES;
				CLANG_WARN_INT_CONVERSION = YES;
				CLANG_WARN_NON_LITERAL_NULL_CONVERSION = YES;
				CLANG_WARN_OBJC_IMPLICIT_RETAIN_SELF = YES;
				CLANG_WARN_OBJC_LITERAL_CONVERSION = YES;
				CLANG_WARN_OBJC_ROOT_CLASS = YES_ERROR;
				CLANG_WARN_QUOTED_INCLUDE_IN_FRAMEWORK_HEADER = YES;
				CLANG_WARN_RANGE_LOOP_ANALYSIS = YES;
				CLANG_WARN_STRICT_PROTOTYPES = YES;
				CLANG_WARN_SUSPICIOUS_MOVE = YES;
				CLANG_WARN_UNGUARDED_AVAILABILITY = YES_AGGRESSIVE;
				CLANG_WARN_UNREACHABLE_CODE = YES;
				CLANG_WARN__DUPLICATE_METHOD_MATCH = YES;
				COPY_PHASE_STRIP = NO;
				DEBUG_INFORMATION_FORMAT = dwarf;
				ENABLE_STRICT_OBJC_MSGSEND = YES;
				ENABLE_TESTABILITY = YES;
				ENABLE_USER_SCRIPT_SANDBOXING = YES;
				GCC_C_LANGUAGE_STANDARD = gnu17;
				GCC_DYNAMIC_NO_PIC = NO;
				GCC_NO_COMMON_BLOCKS = YES;
				GCC_OPTIMIZATION_LEVEL = 0;
				GCC_PREPROCESSOR_DEFINITIONS = (
					"DEBUG=1",
					"$(inherited)",
				);
				GCC_WARN_64_TO_32_BIT_CONVERSION = YES;
				GCC_WARN_ABOUT_RETURN_TYPE = YES_ERROR;
				GCC_WARN_UNDECLARED_SELECTOR = YES;
				GCC_WARN_UNINITIALIZED_AUTOS = YES_AGGRESSIVE;
				GCC_WARN_UNUSED_FUNCTION = YES;
				GCC_WARN_UNUSED_VARIABLE = YES;
				IPHONEOS_DEPLOYMENT_TARGET = 17.4;
				LOCALIZATION_PREFERS_STRING_CATALOGS = YES;
				MTL_ENABLE_DEBUG_INFO = INCLUDE_SOURCE;
				MTL_FAST_MATH = YES;
				ONLY_ACTIVE_ARCH = YES;
				SDKROOT = iphoneos;
				SWIFT_ACTIVE_COMPILATION_CONDITIONS = "DEBUG $(inherited)";
				SWIFT_OPTIMIZATION_LEVEL = "-Onone";
			};
			name = Debug;
		};
		9EFB742D2C87C81200EE213A /* Release */ = {
			isa = XCBuildConfiguration;
			buildSettings = {
				ALWAYS_SEARCH_USER_PATHS = NO;
				ASSETCATALOG_COMPILER_GENERATE_SWIFT_ASSET_SYMBOL_EXTENSIONS = YES;
				CLANG_ANALYZER_NONNULL = YES;
				CLANG_ANALYZER_NUMBER_OBJECT_CONVERSION = YES_AGGRESSIVE;
				CLANG_CXX_LANGUAGE_STANDARD = "gnu++20";
				CLANG_ENABLE_MODULES = YES;
				CLANG_ENABLE_OBJC_ARC = YES;
				CLANG_ENABLE_OBJC_WEAK = YES;
				CLANG_WARN_BLOCK_CAPTURE_AUTORELEASING = YES;
				CLANG_WARN_BOOL_CONVERSION = YES;
				CLANG_WARN_COMMA = YES;
				CLANG_WARN_CONSTANT_CONVERSION = YES;
				CLANG_WARN_DEPRECATED_OBJC_IMPLEMENTATIONS = YES;
				CLANG_WARN_DIRECT_OBJC_ISA_USAGE = YES_ERROR;
				CLANG_WARN_DOCUMENTATION_COMMENTS = YES;
				CLANG_WARN_EMPTY_BODY = YES;
				CLANG_WARN_ENUM_CONVERSION = YES;
				CLANG_WARN_INFINITE_RECURSION = YES;
				CLANG_WARN_INT_CONVERSION = YES;
				CLANG_WARN_NON_LITERAL_NULL_CONVERSION = YES;
				CLANG_WARN_OBJC_IMPLICIT_RETAIN_SELF = YES;
				CLANG_WARN_OBJC_LITERAL_CONVERSION = YES;
				CLANG_WARN_OBJC_ROOT_CLASS = YES_ERROR;
				CLANG_WARN_QUOTED_INCLUDE_IN_FRAMEWORK_HEADER = YES;
				CLANG_WARN_RANGE_LOOP_ANALYSIS = YES;
				CLANG_WARN_STRICT_PROTOTYPES = YES;
				CLANG_WARN_SUSPICIOUS_MOVE = YES;
				CLANG_WARN_UNGUARDED_AVAILABILITY = YES_AGGRESSIVE;
				CLANG_WARN_UNREACHABLE_CODE = YES;
				CLANG_WARN__DUPLICATE_METHOD_MATCH = YES;
				COPY_PHASE_STRIP = NO;
				DEBUG_INFORMATION_FORMAT = "dwarf-with-dsym";
				ENABLE_NS_ASSERTIONS = NO;
				ENABLE_STRICT_OBJC_MSGSEND = YES;
				ENABLE_USER_SCRIPT_SANDBOXING = YES;
				GCC_C_LANGUAGE_STANDARD = gnu17;
				GCC_NO_COMMON_BLOCKS = YES;
				GCC_WARN_64_TO_32_BIT_CONVERSION = YES;
				GCC_WARN_ABOUT_RETURN_TYPE = YES_ERROR;
				GCC_WARN_UNDECLARED_SELECTOR = YES;
				GCC_WARN_UNINITIALIZED_AUTOS = YES_AGGRESSIVE;
				GCC_WARN_UNUSED_FUNCTION = YES;
				GCC_WARN_UNUSED_VARIABLE = YES;
				IPHONEOS_DEPLOYMENT_TARGET = 17.4;
				LOCALIZATION_PREFERS_STRING_CATALOGS = YES;
				MTL_ENABLE_DEBUG_INFO = NO;
				MTL_FAST_MATH = YES;
				SDKROOT = iphoneos;
				SWIFT_COMPILATION_MODE = wholemodule;
				VALIDATE_PRODUCT = YES;
			};
			name = Release;
		};
		9EFB742F2C87C81200EE213A /* Debug */ = {
			isa = XCBuildConfiguration;
			buildSettings = {
				ASSETCATALOG_COMPILER_APPICON_NAME = AppIcon;
				ASSETCATALOG_COMPILER_GLOBAL_ACCENT_COLOR_NAME = AccentColor;
				CODE_SIGN_STYLE = Automatic;
				CURRENT_PROJECT_VERSION = 1;
				DEVELOPMENT_TEAM = MDPY9LF665;
				GENERATE_INFOPLIST_FILE = YES;
				INFOPLIST_FILE = ISS/Info.plist;
				INFOPLIST_KEY_NSLocationAlwaysAndWhenInUseUsageDescription = "This app uses your location to calculate your distance from the ISS.";
				INFOPLIST_KEY_NSLocationWhenInUseUsageDescription = "This app uses your location to calculate your distance from the ISS.";
				INFOPLIST_KEY_UIApplicationSupportsIndirectInputEvents = YES;
				INFOPLIST_KEY_UILaunchStoryboardName = LaunchScreen;
				INFOPLIST_KEY_UISupportedInterfaceOrientations_iPad = "UIInterfaceOrientationPortrait UIInterfaceOrientationPortraitUpsideDown UIInterfaceOrientationLandscapeLeft UIInterfaceOrientationLandscapeRight";
				INFOPLIST_KEY_UISupportedInterfaceOrientations_iPhone = "UIInterfaceOrientationPortrait UIInterfaceOrientationLandscapeLeft UIInterfaceOrientationLandscapeRight";
				LD_RUNPATH_SEARCH_PATHS = (
					"$(inherited)",
					"@executable_path/Frameworks",
				);
				MARKETING_VERSION = 1.0;
				PRODUCT_BUNDLE_IDENTIFIER = com.Primike.ISS;
				PRODUCT_NAME = "$(TARGET_NAME)";
				SWIFT_EMIT_LOC_STRINGS = YES;
				SWIFT_VERSION = 5.0;
				TARGETED_DEVICE_FAMILY = "1,2";
			};
			name = Debug;
		};
		9EFB74302C87C81200EE213A /* Release */ = {
			isa = XCBuildConfiguration;
			buildSettings = {
				ASSETCATALOG_COMPILER_APPICON_NAME = AppIcon;
				ASSETCATALOG_COMPILER_GLOBAL_ACCENT_COLOR_NAME = AccentColor;
				CODE_SIGN_STYLE = Automatic;
				CURRENT_PROJECT_VERSION = 1;
				DEVELOPMENT_TEAM = MDPY9LF665;
				GENERATE_INFOPLIST_FILE = YES;
				INFOPLIST_FILE = ISS/Info.plist;
				INFOPLIST_KEY_NSLocationAlwaysAndWhenInUseUsageDescription = "This app uses your location to calculate your distance from the ISS.";
				INFOPLIST_KEY_NSLocationWhenInUseUsageDescription = "This app uses your location to calculate your distance from the ISS.";
				INFOPLIST_KEY_UIApplicationSupportsIndirectInputEvents = YES;
				INFOPLIST_KEY_UILaunchStoryboardName = LaunchScreen;
				INFOPLIST_KEY_UISupportedInterfaceOrientations_iPad = "UIInterfaceOrientationPortrait UIInterfaceOrientationPortraitUpsideDown UIInterfaceOrientationLandscapeLeft UIInterfaceOrientationLandscapeRight";
				INFOPLIST_KEY_UISupportedInterfaceOrientations_iPhone = "UIInterfaceOrientationPortrait UIInterfaceOrientationLandscapeLeft UIInterfaceOrientationLandscapeRight";
				LD_RUNPATH_SEARCH_PATHS = (
					"$(inherited)",
					"@executable_path/Frameworks",
				);
				MARKETING_VERSION = 1.0;
				PRODUCT_BUNDLE_IDENTIFIER = com.Primike.ISS;
				PRODUCT_NAME = "$(TARGET_NAME)";
				SWIFT_EMIT_LOC_STRINGS = YES;
				SWIFT_VERSION = 5.0;
				TARGETED_DEVICE_FAMILY = "1,2";
			};
			name = Release;
		};
/* End XCBuildConfiguration section */

/* Begin XCConfigurationList section */
		9EFB74152C87C81100EE213A /* Build configuration list for PBXProject "ISS" */ = {
			isa = XCConfigurationList;
			buildConfigurations = (
				9EFB742C2C87C81200EE213A /* Debug */,
				9EFB742D2C87C81200EE213A /* Release */,
			);
			defaultConfigurationIsVisible = 0;
			defaultConfigurationName = Release;
		};
		9EFB742E2C87C81200EE213A /* Build configuration list for PBXNativeTarget "ISS" */ = {
			isa = XCConfigurationList;
			buildConfigurations = (
				9EFB742F2C87C81200EE213A /* Debug */,
				9EFB74302C87C81200EE213A /* Release */,
			);
			defaultConfigurationIsVisible = 0;
			defaultConfigurationName = Release;
		};
/* End XCConfigurationList section */
	};
	rootObject = 9EFB74122C87C81100EE213A /* Project object */;
}
